
Microsoft Visual Studio Solution File, Format Version 12.00
# Visual Studio Version 16
VisualStudioVersion = 16.0.30413.136
MinimumVisualStudioVersion = 10.0.40219.1
Project("{FAE04EC0-301F-11D3-BF4B-00C04F79EFBC}") = "FornavnEfternavnS1.DateAndTime.Ex1", "FornavnEfternavnS1\FornavnEfternavnS1.DateAndTime.Ex1.csproj", "{17B6C05A-EDDC-4E47-A928-3B92B0B691BF}"
EndProject
Project("{FAE04EC0-301F-11D3-BF4B-00C04F79EFBC}") = "FornavnEfternavnS1.DateAndTime.Ex2", "FornavnEfternavnS1.DateAndTime.Ex2\FornavnEfternavnS1.DateAndTime.Ex2.csproj", "{8122C0D0-A8EC-4BF5-A9BB-E276F1480B1E}"
EndProject
Project("{FAE04EC0-301F-11D3-BF4B-00C04F79EFBC}") = "FornavnEfternavnS1.DateAndTime.Ex3", "FornavnEfternavnS1.DateAndTime.Ex3\FornavnEfternavnS1.DateAndTime.Ex3.csproj", "{61BA8A11-C49F-4567-8CBC-5169A9DCC941}"
EndProject
Global
	GlobalSection(SolutionConfigurationPlatforms) = preSolution
		Debug|Any CPU = Debug|Any CPU
		Release|Any CPU = Release|Any CPU
	EndGlobalSection
	GlobalSection(ProjectConfigurationPlatforms) = postSolution
		{17B6C05A-EDDC-4E47-A928-3B92B0B691BF}.Debug|Any CPU.ActiveCfg = Debug|Any CPU
		{17B6C05A-EDDC-4E47-A928-3B92B0B691BF}.Debug|Any CPU.Build.0 = Debug|Any CPU
		{17B6C05A-EDDC-4E47-A928-3B92B0B691BF}.Release|Any CPU.ActiveCfg = Release|Any CPU
		{17B6C05A-EDDC-4E47-A928-3B92B0B691BF}.Release|Any CPU.Build.0 = Release|Any CPU
		{8122C0D0-A8EC-4BF5-A9BB-E276F1480B1E}.Debug|Any CPU.ActiveCfg = Debug|Any CPU
		{8122C0D0-A8EC-4BF5-A9BB-E276F1480B1E}.Debug|Any CPU.Build.0 = Debug|Any CPU
		{8122C0D0-A8EC-4BF5-A9BB-E276F1480B1E}.Release|Any CPU.ActiveCfg = Release|Any CPU
		{8122C0D0-A8EC-4BF5-A9BB-E276F1480B1E}.Release|Any CPU.Build.0 = Release|Any CPU
		{61BA8A11-C49F-4567-8CBC-5169A9DCC941}.Debug|Any CPU.ActiveCfg = Debug|Any CPU
		{61BA8A11-C49F-4567-8CBC-5169A9DCC941}.Debug|Any CPU.Build.0 = Debug|Any CPU
		{61BA8A11-C49F-4567-8CBC-5169A9DCC941}.Release|Any CPU.ActiveCfg = Release|Any CPU
		{61BA8A11-C49F-4567-8CBC-5169A9DCC941}.Release|Any CPU.Build.0 = Release|Any CPU
	EndGlobalSection
	GlobalSection(SolutionProperties) = preSolution
		HideSolutionNode = FALSE
	EndGlobalSection
	GlobalSection(ExtensibilityGlobals) = postSolution
		SolutionGuid = {49295150-E688-43B4-AB9D-C9EEDA0421AF}
	EndGlobalSection
EndGlobal
